
Microsoft Visual Studio Solution File, Format Version 12.00
# Visual Studio Version 17
VisualStudioVersion = 17.6.33815.320
MinimumVisualStudioVersion = 10.0.40219.1
Project("{9A19103F-16F7-4668-BE54-9A1E7A4F7556}") = "Leatherworks", "Leatherworks.csproj", "{74D0B13A-5FD6-4C77-BC40-55DBDD017720}"
EndProject
Global
	GlobalSection(SolutionConfigurationPlatforms) = preSolution
		Debug|Any CPU = Debug|Any CPU
		Release|Any CPU = Release|Any CPU
	EndGlobalSection
	GlobalSection(ProjectConfigurationPlatforms) = postSolution
		{74D0B13A-5FD6-4C77-BC40-55DBDD017720}.Debug|Any CPU.ActiveCfg = Debug|Any CPU
		{74D0B13A-5FD6-4C77-BC40-55DBDD017720}.Debug|Any CPU.Build.0 = Debug|Any CPU
		{74D0B13A-5FD6-4C77-BC40-55DBDD017720}.Release|Any CPU.ActiveCfg = Release|Any CPU
		{74D0B13A-5FD6-4C77-BC40-55DBDD017720}.Release|Any CPU.Build.0 = Release|Any CPU
	EndGlobalSection
	GlobalSection(SolutionProperties) = preSolution
		HideSolutionNode = FALSE
	EndGlobalSection
	GlobalSection(ExtensibilityGlobals) = postSolution
		SolutionGuid = {EC49810A-47A4-4242-9F87-37F1C9B077D7}
	EndGlobalSection
EndGlobal
